
Microsoft Visual Studio Solution File, Format Version 12.00
# Visual Studio 2012
Project("{E24C65DC-7377-472B-9ABA-BC803B73C61A}") = "Projeto_TAP", "Projeto_TAP\", "{1E457FFE-5D2E-43C2-82C9-5D45B8027D1B}"
	ProjectSection(WebsiteProperties) = preProject
		TargetFrameworkMoniker = ".NETFramework,Version%3Dv3.5"
		Debug.AspNetCompiler.VirtualPath = "/Projeto_TAP"
		Debug.AspNetCompiler.PhysicalPath = "..\..\..\..\Downloads\Projeto_TAP\Projeto_TAP\"
		Debug.AspNetCompiler.TargetPath = "PrecompiledWeb\Projeto_TAP\"
		Debug.AspNetCompiler.Updateable = "true"
		Debug.AspNetCompiler.ForceOverwrite = "true"
		Debug.AspNetCompiler.FixedNames = "false"
		Debug.AspNetCompiler.Debug = "True"
		Release.AspNetCompiler.VirtualPath = "/Projeto_TAP"
		Release.AspNetCompiler.PhysicalPath = "..\..\..\..\Downloads\Projeto_TAP\Projeto_TAP\"
		Release.AspNetCompiler.TargetPath = "PrecompiledWeb\Projeto_TAP\"
		Release.AspNetCompiler.Updateable = "true"
		Release.AspNetCompiler.ForceOverwrite = "true"
		Release.AspNetCompiler.FixedNames = "false"
		Release.AspNetCompiler.Debug = "False"
		VWDPort = "49879"
	EndProjectSection
EndProject
Global
	GlobalSection(SolutionConfigurationPlatforms) = preSolution
		Debug|Any CPU = Debug|Any CPU
	EndGlobalSection
	GlobalSection(ProjectConfigurationPlatforms) = postSolution
		{1E457FFE-5D2E-43C2-82C9-5D45B8027D1B}.Debug|Any CPU.ActiveCfg = Debug|Any CPU
		{1E457FFE-5D2E-43C2-82C9-5D45B8027D1B}.Debug|Any CPU.Build.0 = Debug|Any CPU
	EndGlobalSection
	GlobalSection(SolutionProperties) = preSolution
		HideSolutionNode = FALSE
	EndGlobalSection
EndGlobal
